// !$*UTF8*$!
{
	archiveVersion = 1;
	classes = {
	};
	objectVersion = 50;
	objects = {

/* Begin PBXBuildFile section */
		090BBB8BD9C7BEBE525B5F3A /* Pods_BeautifulSpace.framework in Frameworks */ = {isa = PBXBuildFile; fileRef = DDDFA01C0EB8BEFF5E2BC85F /* Pods_BeautifulSpace.framework */; };
		3E80784426FDCB5F00A89A5E /* NasaAPI.swift in Sources */ = {isa = PBXBuildFile; fileRef = 3E80784326FDCB5F00A89A5E /* NasaAPI.swift */; };
		3E80784826FDD4BB00A89A5E /* SpaceObject.swift in Sources */ = {isa = PBXBuildFile; fileRef = 3E80784726FDD4BB00A89A5E /* SpaceObject.swift */; };
		3E80784C26FDF62500A89A5E /* SpaceObjectsTableViewController.swift in Sources */ = {isa = PBXBuildFile; fileRef = 3E80784B26FDF62500A89A5E /* SpaceObjectsTableViewController.swift */; };
		3E80784F26FE046A00A89A5E /* InfoSpaceObjectViewController.swift in Sources */ = {isa = PBXBuildFile; fileRef = 3E80784E26FE046A00A89A5E /* InfoSpaceObjectViewController.swift */; };
		3ECEB80126FD95A900053F0E /* AppDelegate.swift in Sources */ = {isa = PBXBuildFile; fileRef = 3ECEB80026FD95A900053F0E /* AppDelegate.swift */; };
		3ECEB80326FD95A900053F0E /* SceneDelegate.swift in Sources */ = {isa = PBXBuildFile; fileRef = 3ECEB80226FD95A900053F0E /* SceneDelegate.swift */; };
		3ECEB80826FD95A900053F0E /* Main.storyboard in Resources */ = {isa = PBXBuildFile; fileRef = 3ECEB80626FD95A900053F0E /* Main.storyboard */; };
		3ECEB80A26FD95B400053F0E /* Assets.xcassets in Resources */ = {isa = PBXBuildFile; fileRef = 3ECEB80926FD95B400053F0E /* Assets.xcassets */; };
		3ECEB80D26FD95B400053F0E /* LaunchScreen.storyboard in Resources */ = {isa = PBXBuildFile; fileRef = 3ECEB80B26FD95B400053F0E /* LaunchScreen.storyboard */; };
/* End PBXBuildFile section */

/* Begin PBXFileReference section */
		3E80784326FDCB5F00A89A5E /* NasaAPI.swift */ = {isa = PBXFileReference; lastKnownFileType = sourcecode.swift; path = NasaAPI.swift; sourceTree = "<group>"; };
		3E80784726FDD4BB00A89A5E /* SpaceObject.swift */ = {isa = PBXFileReference; lastKnownFileType = sourcecode.swift; path = SpaceObject.swift; sourceTree = "<group>"; };
		3E80784B26FDF62500A89A5E /* SpaceObjectsTableViewController.swift */ = {isa = PBXFileReference; lastKnownFileType = sourcecode.swift; path = SpaceObjectsTableViewController.swift; sourceTree = "<group>"; };
		3E80784E26FE046A00A89A5E /* InfoSpaceObjectViewController.swift */ = {isa = PBXFileReference; lastKnownFileType = sourcecode.swift; path = InfoSpaceObjectViewController.swift; sourceTree = "<group>"; };
		3ECEB7FD26FD95A900053F0E /* BeautifulSpace.app */ = {isa = PBXFileReference; explicitFileType = wrapper.application; includeInIndex = 0; path = BeautifulSpace.app; sourceTree = BUILT_PRODUCTS_DIR; };
		3ECEB80026FD95A900053F0E /* AppDelegate.swift */ = {isa = PBXFileReference; lastKnownFileType = sourcecode.swift; path = AppDelegate.swift; sourceTree = "<group>"; };
		3ECEB80226FD95A900053F0E /* SceneDelegate.swift */ = {isa = PBXFileReference; lastKnownFileType = sourcecode.swift; path = SceneDelegate.swift; sourceTree = "<group>"; };
		3ECEB80726FD95A900053F0E /* Base */ = {isa = PBXFileReference; lastKnownFileType = file.storyboard; name = Base; path = Base.lproj/Main.storyboard; sourceTree = "<group>"; };
		3ECEB80926FD95B400053F0E /* Assets.xcassets */ = {isa = PBXFileReference; lastKnownFileType = folder.assetcatalog; path = Assets.xcassets; sourceTree = "<group>"; };
		3ECEB80C26FD95B400053F0E /* Base */ = {isa = PBXFileReference; lastKnownFileType = file.storyboard; name = Base; path = Base.lproj/LaunchScreen.storyboard; sourceTree = "<group>"; };
		3ECEB80E26FD95B400053F0E /* Info.plist */ = {isa = PBXFileReference; lastKnownFileType = text.plist.xml; path = Info.plist; sourceTree = "<group>"; };
		68CD2A9DA475E2D64E6D757A /* Pods-BeautifulSpace.debug.xcconfig */ = {isa = PBXFileReference; includeInIndex = 1; lastKnownFileType = text.xcconfig; name = "Pods-BeautifulSpace.debug.xcconfig"; path = "Pods/Target Support Files/Pods-BeautifulSpace/Pods-BeautifulSpace.debug.xcconfig"; sourceTree = "<group>"; };
		DD52DC55F2FAB03E10C3F032 /* Pods-BeautifulSpace.release.xcconfig */ = {isa = PBXFileReference; includeInIndex = 1; lastKnownFileType = text.xcconfig; name = "Pods-BeautifulSpace.release.xcconfig"; path = "Pods/Target Support Files/Pods-BeautifulSpace/Pods-BeautifulSpace.release.xcconfig"; sourceTree = "<group>"; };
		DDDFA01C0EB8BEFF5E2BC85F /* Pods_BeautifulSpace.framework */ = {isa = PBXFileReference; explicitFileType = wrapper.framework; includeInIndex = 0; path = Pods_BeautifulSpace.framework; sourceTree = BUILT_PRODUCTS_DIR; };
/* End PBXFileReference section */

/* Begin PBXFrameworksBuildPhase section */
		3ECEB7FA26FD95A900053F0E /* Frameworks */ = {
			isa = PBXFrameworksBuildPhase;
			buildActionMask = 2147483647;
			files = (
				090BBB8BD9C7BEBE525B5F3A /* Pods_BeautifulSpace.framework in Frameworks */,
			);
			runOnlyForDeploymentPostprocessing = 0;
		};
/* End PBXFrameworksBuildPhase section */

/* Begin PBXGroup section */
		3E80784226FDCB1200A89A5E /* NetworkManagers */ = {
			isa = PBXGroup;
			children = (
				3E80784326FDCB5F00A89A5E /* NasaAPI.swift */,
			);
			path = NetworkManagers;
			sourceTree = "<group>";
		};
		3E80784626FDD4A600A89A5E /* Models */ = {
			isa = PBXGroup;
			children = (
				3E80784726FDD4BB00A89A5E /* SpaceObject.swift */,
			);
			path = Models;
			sourceTree = "<group>";
		};
		3ECEB7F426FD95A900053F0E = {
			isa = PBXGroup;
			children = (
				3ECEB7FF26FD95A900053F0E /* BeautifulSpace */,
				3ECEB7FE26FD95A900053F0E /* Products */,
				CF3684567E99A945B86B369B /* Pods */,
				9AF85D87B7D1F98FCDA38446 /* Frameworks */,
			);
			sourceTree = "<group>";
		};
		3ECEB7FE26FD95A900053F0E /* Products */ = {
			isa = PBXGroup;
			children = (
				3ECEB7FD26FD95A900053F0E /* BeautifulSpace.app */,
			);
			name = Products;
			sourceTree = "<group>";
		};
		3ECEB7FF26FD95A900053F0E /* BeautifulSpace */ = {
			isa = PBXGroup;
			children = (
				3E80784626FDD4A600A89A5E /* Models */,
				3E80784226FDCB1200A89A5E /* NetworkManagers */,
				3ECEB81926FD963100053F0E /* App */,
				3ECEB81726FD961B00053F0E /* Views */,
				3ECEB81626FD95D600053F0E /* Storyboard */,
				3ECEB81A26FD963E00053F0E /* Resources */,
			);
			path = BeautifulSpace;
			sourceTree = "<group>";
		};
		3ECEB81626FD95D600053F0E /* Storyboard */ = {
			isa = PBXGroup;
			children = (
				3ECEB80626FD95A900053F0E /* Main.storyboard */,
				3ECEB80B26FD95B400053F0E /* LaunchScreen.storyboard */,
			);
			path = Storyboard;
			sourceTree = "<group>";
		};
		3ECEB81726FD961B00053F0E /* Views */ = {
			isa = PBXGroup;
			children = (
				3E80784B26FDF62500A89A5E /* SpaceObjectsTableViewController.swift */,
				3E80784E26FE046A00A89A5E /* InfoSpaceObjectViewController.swift */,
			);
			path = Views;
			sourceTree = "<group>";
		};
		3ECEB81926FD963100053F0E /* App */ = {
			isa = PBXGroup;
			children = (
				3ECEB80026FD95A900053F0E /* AppDelegate.swift */,
				3ECEB80226FD95A900053F0E /* SceneDelegate.swift */,
				3ECEB80E26FD95B400053F0E /* Info.plist */,
			);
			path = App;
			sourceTree = "<group>";
		};
		3ECEB81A26FD963E00053F0E /* Resources */ = {
			isa = PBXGroup;
			children = (
				3ECEB80926FD95B400053F0E /* Assets.xcassets */,
			);
			path = Resources;
			sourceTree = "<group>";
		};
		9AF85D87B7D1F98FCDA38446 /* Frameworks */ = {
			isa = PBXGroup;
			children = (
				DDDFA01C0EB8BEFF5E2BC85F /* Pods_BeautifulSpace.framework */,
			);
			name = Frameworks;
			sourceTree = "<group>";
		};
		CF3684567E99A945B86B369B /* Pods */ = {
			isa = PBXGroup;
			children = (
				68CD2A9DA475E2D64E6D757A /* Pods-BeautifulSpace.debug.xcconfig */,
				DD52DC55F2FAB03E10C3F032 /* Pods-BeautifulSpace.release.xcconfig */,
			);
			name = Pods;
			sourceTree = "<group>";
		};
/* End PBXGroup section */

/* Begin PBXNativeTarget section */
		3ECEB7FC26FD95A900053F0E /* BeautifulSpace */ = {
			isa = PBXNativeTarget;
			buildConfigurationList = 3ECEB81126FD95B400053F0E /* Build configuration list for PBXNativeTarget "BeautifulSpace" */;
			buildPhases = (
				C4B3F7522354BBD40CC74950 /* [CP] Check Pods Manifest.lock */,
				3ECEB7F926FD95A900053F0E /* Sources */,
				3ECEB7FA26FD95A900053F0E /* Frameworks */,
				3ECEB7FB26FD95A900053F0E /* Resources */,
				2DBA6EDA70A6CFD5B756FADD /* [CP] Embed Pods Frameworks */,
			);
			buildRules = (
			);
			dependencies = (
			);
			name = BeautifulSpace;
			productName = BeautifulSpace;
			productReference = 3ECEB7FD26FD95A900053F0E /* BeautifulSpace.app */;
			productType = "com.apple.product-type.application";
		};
/* End PBXNativeTarget section */

/* Begin PBXProject section */
		3ECEB7F526FD95A900053F0E /* Project object */ = {
			isa = PBXProject;
			attributes = {
				LastSwiftUpdateCheck = 1240;
				LastUpgradeCheck = 1240;
				TargetAttributes = {
					3ECEB7FC26FD95A900053F0E = {
						CreatedOnToolsVersion = 12.4;
					};
				};
			};
			buildConfigurationList = 3ECEB7F826FD95A900053F0E /* Build configuration list for PBXProject "BeautifulSpace" */;
			compatibilityVersion = "Xcode 9.3";
			developmentRegion = en;
			hasScannedForEncodings = 0;
			knownRegions = (
				en,
				Base,
			);
			mainGroup = 3ECEB7F426FD95A900053F0E;
			productRefGroup = 3ECEB7FE26FD95A900053F0E /* Products */;
			projectDirPath = "";
			projectRoot = "";
			targets = (
				3ECEB7FC26FD95A900053F0E /* BeautifulSpace */,
			);
		};
/* End PBXProject section */

/* Begin PBXResourcesBuildPhase section */
		3ECEB7FB26FD95A900053F0E /* Resources */ = {
			isa = PBXResourcesBuildPhase;
			buildActionMask = 2147483647;
			files = (
				3ECEB80D26FD95B400053F0E /* LaunchScreen.storyboard in Resources */,
				3ECEB80A26FD95B400053F0E /* Assets.xcassets in Resources */,
				3ECEB80826FD95A900053F0E /* Main.storyboard in Resources */,
			);
			runOnlyForDeploymentPostprocessing = 0;
		};
/* End PBXResourcesBuildPhase section */

/* Begin PBXShellScriptBuildPhase section */
		2DBA6EDA70A6CFD5B756FADD /* [CP] Embed Pods Frameworks */ = {
			isa = PBXShellScriptBuildPhase;
			buildActionMask = 2147483647;
			files = (
			);
			inputPaths = (
				"${SRCROOT}/Pods/Target Support Files/Pods-BeautifulSpace/Pods-BeautifulSpace-frameworks.sh",
				"${BUILT_PRODUCTS_DIR}/Alamofire/Alamofire.framework",
			);
			name = "[CP] Embed Pods Frameworks";
			outputPaths = (
				"${TARGET_BUILD_DIR}/${FRAMEWORKS_FOLDER_PATH}/Alamofire.framework",
			);
			runOnlyForDeploymentPostprocessing = 0;
			shellPath = /bin/sh;
			shellScript = "\"${SRCROOT}/Pods/Target Support Files/Pods-BeautifulSpace/Pods-BeautifulSpace-frameworks.sh\"\n";
			showEnvVarsInLog = 0;
		};
		C4B3F7522354BBD40CC74950 /* [CP] Check Pods Manifest.lock */ = {
			isa = PBXShellScriptBuildPhase;
			buildActionMask = 2147483647;
			files = (
			);
			inputPaths = (
				"${PODS_PODFILE_DIR_PATH}/Podfile.lock",
				"${PODS_ROOT}/Manifest.lock",
			);
			name = "[CP] Check Pods Manifest.lock";
			outputPaths = (
				"$(DERIVED_FILE_DIR)/Pods-BeautifulSpace-checkManifestLockResult.txt",
			);
			runOnlyForDeploymentPostprocessing = 0;
			shellPath = /bin/sh;
			shellScript = "diff \"${PODS_PODFILE_DIR_PATH}/Podfile.lock\" \"${PODS_ROOT}/Manifest.lock\" > /dev/null\nif [ $? != 0 ] ; then\n    # print error to STDERR\n    echo \"error: The sandbox is not in sync with the Podfile.lock. Run 'pod install' or update your CocoaPods installation.\" >&2\n    exit 1\nfi\n# This output is used by Xcode 'outputs' to avoid re-running this script phase.\necho \"SUCCESS\" > \"${SCRIPT_OUTPUT_FILE_0}\"\n";
			showEnvVarsInLog = 0;
		};
/* End PBXShellScriptBuildPhase section */

/* Begin PBXSourcesBuildPhase section */
		3ECEB7F926FD95A900053F0E /* Sources */ = {
			isa = PBXSourcesBuildPhase;
			buildActionMask = 2147483647;
			files = (
				3E80784F26FE046A00A89A5E /* InfoSpaceObjectViewController.swift in Sources */,
				3E80784426FDCB5F00A89A5E /* NasaAPI.swift in Sources */,
				3ECEB80126FD95A900053F0E /* AppDelegate.swift in Sources */,
				3E80784C26FDF62500A89A5E /* SpaceObjectsTableViewController.swift in Sources */,
				3E80784826FDD4BB00A89A5E /* SpaceObject.swift in Sources */,
				3ECEB80326FD95A900053F0E /* SceneDelegate.swift in Sources */,
			);
			runOnlyForDeploymentPostprocessing = 0;
		};
/* End PBXSourcesBuildPhase section */

/* Begin PBXVariantGroup section */
		3ECEB80626FD95A900053F0E /* Main.storyboard */ = {
			isa = PBXVariantGroup;
			children = (
				3ECEB80726FD95A900053F0E /* Base */,
			);
			name = Main.storyboard;
			sourceTree = "<group>";
		};
		3ECEB80B26FD95B400053F0E /* LaunchScreen.storyboard */ = {
			isa = PBXVariantGroup;
			children = (
				3ECEB80C26FD95B400053F0E /* Base */,
			);
			name = LaunchScreen.storyboard;
			sourceTree = "<group>";
		};
/* End PBXVariantGroup section */

/* Begin XCBuildConfiguration section */
		3ECEB80F26FD95B400053F0E /* Debug */ = {
			isa = XCBuildConfiguration;
			buildSettings = {
				ALWAYS_SEARCH_USER_PATHS = NO;
				CLANG_ANALYZER_NONNULL = YES;
				CLANG_ANALYZER_NUMBER_OBJECT_CONVERSION = YES_AGGRESSIVE;
				CLANG_CXX_LANGUAGE_STANDARD = "gnu++14";
				CLANG_CXX_LIBRARY = "libc++";
				CLANG_ENABLE_MODULES = YES;
				CLANG_ENABLE_OBJC_ARC = YES;
				CLANG_ENABLE_OBJC_WEAK = YES;
				CLANG_WARN_BLOCK_CAPTURE_AUTORELEASING = YES;
				CLANG_WARN_BOOL_CONVERSION = YES;
				CLANG_WARN_COMMA = YES;
				CLANG_WARN_CONSTANT_CONVERSION = YES;
				CLANG_WARN_DEPRECATED_OBJC_IMPLEMENTATIONS = YES;
				CLANG_WARN_DIRECT_OBJC_ISA_USAGE = YES_ERROR;
				CLANG_WARN_DOCUMENTATION_COMMENTS = YES;
				CLANG_WARN_EMPTY_BODY = YES;
				CLANG_WARN_ENUM_CONVERSION = YES;
				CLANG_WARN_INFINITE_RECURSION = YES;
				CLANG_WARN_INT_CONVERSION = YES;
				CLANG_WARN_NON_LITERAL_NULL_CONVERSION = YES;
				CLANG_WARN_OBJC_IMPLICIT_RETAIN_SELF = YES;
				CLANG_WARN_OBJC_LITERAL_CONVERSION = YES;
				CLANG_WARN_OBJC_ROOT_CLASS = YES_ERROR;
				CLANG_WARN_QUOTED_INCLUDE_IN_FRAMEWORK_HEADER = YES;
				CLANG_WARN_RANGE_LOOP_ANALYSIS = YES;
				CLANG_WARN_STRICT_PROTOTYPES = YES;
				CLANG_WARN_SUSPICIOUS_MOVE = YES;
				CLANG_WARN_UNGUARDED_AVAILABILITY = YES_AGGRESSIVE;
				CLANG_WARN_UNREACHABLE_CODE = YES;
				CLANG_WARN__DUPLICATE_METHOD_MATCH = YES;
				COPY_PHASE_STRIP = NO;
				DEBUG_INFORMATION_FORMAT = dwarf;
				ENABLE_STRICT_OBJC_MSGSEND = YES;
				ENABLE_TESTABILITY = YES;
				GCC_C_LANGUAGE_STANDARD = gnu11;
				GCC_DYNAMIC_NO_PIC = NO;
				GCC_NO_COMMON_BLOCKS = YES;
				GCC_OPTIMIZATION_LEVEL = 0;
				GCC_PREPROCESSOR_DEFINITIONS = (
					"DEBUG=1",
					"$(inherited)",
				);
				GCC_WARN_64_TO_32_BIT_CONVERSION = YES;
				GCC_WARN_ABOUT_RETURN_TYPE = YES_ERROR;
				GCC_WARN_UNDECLARED_SELECTOR = YES;
				GCC_WARN_UNINITIALIZED_AUTOS = YES_AGGRESSIVE;
				GCC_WARN_UNUSED_FUNCTION = YES;
				GCC_WARN_UNUSED_VARIABLE = YES;
				IPHONEOS_DEPLOYMENT_TARGET = 14.4;
				MTL_ENABLE_DEBUG_INFO = INCLUDE_SOURCE;
				MTL_FAST_MATH = YES;
				ONLY_ACTIVE_ARCH = YES;
				SDKROOT = iphoneos;
				SWIFT_ACTIVE_COMPILATION_CONDITIONS = DEBUG;
				SWIFT_OPTIMIZATION_LEVEL = "-Onone";
			};
			name = Debug;
		};
		3ECEB81026FD95B400053F0E /* Release */ = {
			isa = XCBuildConfiguration;
			buildSettings = {
				ALWAYS_SEARCH_USER_PATHS = NO;
				CLANG_ANALYZER_NONNULL = YES;
				CLANG_ANALYZER_NUMBER_OBJECT_CONVERSION = YES_AGGRESSIVE;
				CLANG_CXX_LANGUAGE_STANDARD = "gnu++14";
				CLANG_CXX_LIBRARY = "libc++";
				CLANG_ENABLE_MODULES = YES;
				CLANG_ENABLE_OBJC_ARC = YES;
				CLANG_ENABLE_OBJC_WEAK = YES;
				CLANG_WARN_BLOCK_CAPTURE_AUTORELEASING = YES;
				CLANG_WARN_BOOL_CONVERSION = YES;
				CLANG_WARN_COMMA = YES;
				CLANG_WARN_CONSTANT_CONVERSION = YES;
				CLANG_WARN_DEPRECATED_OBJC_IMPLEMENTATIONS = YES;
				CLANG_WARN_DIRECT_OBJC_ISA_USAGE = YES_ERROR;
				CLANG_WARN_DOCUMENTATION_COMMENTS = YES;
				CLANG_WARN_EMPTY_BODY = YES;
				CLANG_WARN_ENUM_CONVERSION = YES;
				CLANG_WARN_INFINITE_RECURSION = YES;
				CLANG_WARN_INT_CONVERSION = YES;
				CLANG_WARN_NON_LITERAL_NULL_CONVERSION = YES;
				CLANG_WARN_OBJC_IMPLICIT_RETAIN_SELF = YES;
				CLANG_WARN_OBJC_LITERAL_CONVERSION = YES;
				CLANG_WARN_OBJC_ROOT_CLASS = YES_ERROR;
				CLANG_WARN_QUOTED_INCLUDE_IN_FRAMEWORK_HEADER = YES;
				CLANG_WARN_RANGE_LOOP_ANALYSIS = YES;
				CLANG_WARN_STRICT_PROTOTYPES = YES;
				CLANG_WARN_SUSPICIOUS_MOVE = YES;
				CLANG_WARN_UNGUARDED_AVAILABILITY = YES_AGGRESSIVE;
				CLANG_WARN_UNREACHABLE_CODE = YES;
				CLANG_WARN__DUPLICATE_METHOD_MATCH = YES;
				COPY_PHASE_STRIP = NO;
				DEBUG_INFORMATION_FORMAT = "dwarf-with-dsym";
				ENABLE_NS_ASSERTIONS = NO;
				ENABLE_STRICT_OBJC_MSGSEND = YES;
				GCC_C_LANGUAGE_STANDARD = gnu11;
				GCC_NO_COMMON_BLOCKS = YES;
				GCC_WARN_64_TO_32_BIT_CONVERSION = YES;
				GCC_WARN_ABOUT_RETURN_TYPE = YES_ERROR;
				GCC_WARN_UNDECLARED_SELECTOR = YES;
				GCC_WARN_UNINITIALIZED_AUTOS = YES_AGGRESSIVE;
				GCC_WARN_UNUSED_FUNCTION = YES;
				GCC_WARN_UNUSED_VARIABLE = YES;
				IPHONEOS_DEPLOYMENT_TARGET = 14.4;
				MTL_ENABLE_DEBUG_INFO = NO;
				MTL_FAST_MATH = YES;
				SDKROOT = iphoneos;
				SWIFT_COMPILATION_MODE = wholemodule;
				SWIFT_OPTIMIZATION_LEVEL = "-O";
				VALIDATE_PRODUCT = YES;
			};
			name = Release;
		};
		3ECEB81226FD95B400053F0E /* Debug */ = {
			isa = XCBuildConfiguration;
			baseConfigurationReference = 68CD2A9DA475E2D64E6D757A /* Pods-BeautifulSpace.debug.xcconfig */;
			buildSettings = {
				ASSETCATALOG_COMPILER_APPICON_NAME = AppIcon;
				ASSETCATALOG_COMPILER_GLOBAL_ACCENT_COLOR_NAME = AccentColor;
				CODE_SIGN_STYLE = Automatic;
				DEVELOPMENT_TEAM = A988NJMD75;
				INFOPLIST_FILE = BeautifulSpace/App/Info.plist;
				LD_RUNPATH_SEARCH_PATHS = (
					"$(inherited)",
					"@executable_path/Frameworks",
				);
				PRODUCT_BUNDLE_IDENTIFIER = com.IvanovMA.BeautifulSpace;
				PRODUCT_NAME = "$(TARGET_NAME)";
				SWIFT_VERSION = 5.0;
				TARGETED_DEVICE_FAMILY = 1;
			};
			name = Debug;
		};
		3ECEB81326FD95B400053F0E /* Release */ = {
			isa = XCBuildConfiguration;
			baseConfigurationReference = DD52DC55F2FAB03E10C3F032 /* Pods-BeautifulSpace.release.xcconfig */;
			buildSettings = {
				ASSETCATALOG_COMPILER_APPICON_NAME = AppIcon;
				ASSETCATALOG_COMPILER_GLOBAL_ACCENT_COLOR_NAME = AccentColor;
				CODE_SIGN_STYLE = Automatic;
				DEVELOPMENT_TEAM = A988NJMD75;
				INFOPLIST_FILE = BeautifulSpace/App/Info.plist;
				LD_RUNPATH_SEARCH_PATHS = (
					"$(inherited)",
					"@executable_path/Frameworks",
				);
				PRODUCT_BUNDLE_IDENTIFIER = com.IvanovMA.BeautifulSpace;
				PRODUCT_NAME = "$(TARGET_NAME)";
				SWIFT_VERSION = 5.0;
				TARGETED_DEVICE_FAMILY = 1;
			};
			name = Release;
		};
/* End XCBuildConfiguration section */

/* Begin XCConfigurationList section */
		3ECEB7F826FD95A900053F0E /* Build configuration list for PBXProject "BeautifulSpace" */ = {
			isa = XCConfigurationList;
			buildConfigurations = (
				3ECEB80F26FD95B400053F0E /* Debug */,
				3ECEB81026FD95B400053F0E /* Release */,
			);
			defaultConfigurationIsVisible = 0;
			defaultConfigurationName = Release;
		};
		3ECEB81126FD95B400053F0E /* Build configuration list for PBXNativeTarget "BeautifulSpace" */ = {
			isa = XCConfigurationList;
			buildConfigurations = (
				3ECEB81226FD95B400053F0E /* Debug */,
				3ECEB81326FD95B400053F0E /* Release */,
			);
			defaultConfigurationIsVisible = 0;
			defaultConfigurationName = Release;
		};
/* End XCConfigurationList section */
	};
	rootObject = 3ECEB7F526FD95A900053F0E /* Project object */;
}
